// !$*UTF8*$!
{
	archiveVersion = 1;
	classes = {
	};
	objectVersion = 51;
	objects = {

/* Begin PBXBuildFile section */
		2415F39B24381BB00090031D /* LoginMainView.swift in Sources */ = {isa = PBXBuildFile; fileRef = 2415F39A24381BB00090031D /* LoginMainView.swift */; };
		246B76C42438D73A00FE1D40 /* MainModelController.swift in Sources */ = {isa = PBXBuildFile; fileRef = 246B76C32438D73A00FE1D40 /* MainModelController.swift */; };
		382CC78723D3B0DD0043060E /* AppDelegate.swift in Sources */ = {isa = PBXBuildFile; fileRef = 382CC78623D3B0DD0043060E /* AppDelegate.swift */; };
		382CC78923D3B0DD0043060E /* SceneDelegate.swift in Sources */ = {isa = PBXBuildFile; fileRef = 382CC78823D3B0DD0043060E /* SceneDelegate.swift */; };
		382CC78B23D3B0DD0043060E /* LoginViewController.swift in Sources */ = {isa = PBXBuildFile; fileRef = 382CC78A23D3B0DD0043060E /* LoginViewController.swift */; };
		382CC78E23D3B0DD0043060E /* Main.storyboard in Resources */ = {isa = PBXBuildFile; fileRef = 382CC78C23D3B0DD0043060E /* Main.storyboard */; };
		382CC79023D3B0DF0043060E /* Assets.xcassets in Resources */ = {isa = PBXBuildFile; fileRef = 382CC78F23D3B0DF0043060E /* Assets.xcassets */; };
		382CC79323D3B0DF0043060E /* LaunchScreen.storyboard in Resources */ = {isa = PBXBuildFile; fileRef = 382CC79123D3B0DF0043060E /* LaunchScreen.storyboard */; };
		382CC7A123D5EF650043060E /* Constants.swift in Sources */ = {isa = PBXBuildFile; fileRef = 382CC7A023D5EF650043060E /* Constants.swift */; };
		382CC7A323D78C940043060E /* GoogleService-Info.plist in Resources */ = {isa = PBXBuildFile; fileRef = 382CC7A223D78C940043060E /* GoogleService-Info.plist */; };
		382CC7A523D791150043060E /* MainViewController.swift in Sources */ = {isa = PBXBuildFile; fileRef = 382CC7A423D791150043060E /* MainViewController.swift */; };
		3837CD6024562701007B4297 /* UITextView+helper.swift in Sources */ = {isa = PBXBuildFile; fileRef = 3837CD5F24562701007B4297 /* UITextView+helper.swift */; };
		3837CD6224564404007B4297 /* ZoomTapDelegate.swift in Sources */ = {isa = PBXBuildFile; fileRef = 3837CD6124564404007B4297 /* ZoomTapDelegate.swift */; };
		3838C0582453E30C00092341 /* Message.swift in Sources */ = {isa = PBXBuildFile; fileRef = 3838C0572453E30C00092341 /* Message.swift */; };
		383E46D32440E6A60012977A /* loveAnimation.json in Resources */ = {isa = PBXBuildFile; fileRef = 383E46D22440E6A60012977A /* loveAnimation.json */; };
		383E46E4244265450012977A /* UserDetailsViewController.swift in Sources */ = {isa = PBXBuildFile; fileRef = 383E46DE244265450012977A /* UserDetailsViewController.swift */; };
		383E46E5244265450012977A /* UserDetailsViewModel.swift in Sources */ = {isa = PBXBuildFile; fileRef = 383E46E0244265450012977A /* UserDetailsViewModel.swift */; };
		383E46E6244265450012977A /* UserModel.swift in Sources */ = {isa = PBXBuildFile; fileRef = 383E46E1244265450012977A /* UserModel.swift */; };
		383E46E7244265450012977A /* UserDetailsView.swift in Sources */ = {isa = PBXBuildFile; fileRef = 383E46E3244265450012977A /* UserDetailsView.swift */; };
		383E46EF244265570012977A /* EditUserDetailsViewController.swift in Sources */ = {isa = PBXBuildFile; fileRef = 383E46EA244265570012977A /* EditUserDetailsViewController.swift */; };
		383E46F0244265570012977A /* EditUserDetailsView.swift in Sources */ = {isa = PBXBuildFile; fileRef = 383E46EC244265570012977A /* EditUserDetailsView.swift */; };
		383E46F1244265570012977A /* SectionTitleLabel.swift in Sources */ = {isa = PBXBuildFile; fileRef = 383E46ED244265570012977A /* SectionTitleLabel.swift */; };
		383E46F2244265570012977A /* AddImageButton.swift in Sources */ = {isa = PBXBuildFile; fileRef = 383E46EE244265570012977A /* AddImageButton.swift */; };
		383E46FD244265990012977A /* CustomTextView.swift in Sources */ = {isa = PBXBuildFile; fileRef = 383E46F3244265970012977A /* CustomTextView.swift */; };
		383E46FE244265990012977A /* RoundedButton.swift in Sources */ = {isa = PBXBuildFile; fileRef = 383E46F4244265980012977A /* RoundedButton.swift */; };
		383E46FF244265990012977A /* CustomContainerView.swift in Sources */ = {isa = PBXBuildFile; fileRef = 383E46F5244265980012977A /* CustomContainerView.swift */; };
		383E4700244265990012977A /* CircleImageView.swift in Sources */ = {isa = PBXBuildFile; fileRef = 383E46F6244265980012977A /* CircleImageView.swift */; };
		383E4701244265990012977A /* CustomTextField.swift in Sources */ = {isa = PBXBuildFile; fileRef = 383E46F7244265980012977A /* CustomTextField.swift */; };
		383E4702244265990012977A /* CustomStackView.swift in Sources */ = {isa = PBXBuildFile; fileRef = 383E46F8244265980012977A /* CustomStackView.swift */; };
		383E4703244265990012977A /* CustomImageView.swift in Sources */ = {isa = PBXBuildFile; fileRef = 383E46F9244265980012977A /* CustomImageView.swift */; };
		383E4704244265990012977A /* CustomScrollView.swift in Sources */ = {isa = PBXBuildFile; fileRef = 383E46FA244265990012977A /* CustomScrollView.swift */; };
		383E4705244265990012977A /* CustomButton.swift in Sources */ = {isa = PBXBuildFile; fileRef = 383E46FB244265990012977A /* CustomButton.swift */; };
		383E4706244265990012977A /* CustomLabel.swift in Sources */ = {isa = PBXBuildFile; fileRef = 383E46FC244265990012977A /* CustomLabel.swift */; };
		383E4708244266740012977A /* UIView+helpers.swift in Sources */ = {isa = PBXBuildFile; fileRef = 383E4707244266740012977A /* UIView+helpers.swift */; };
		383E470C244267000012977A /* KeyboardDelegate.swift in Sources */ = {isa = PBXBuildFile; fileRef = 383E470A244267000012977A /* KeyboardDelegate.swift */; };
		383E470D244267000012977A /* TextViewEditingDelegate.swift in Sources */ = {isa = PBXBuildFile; fileRef = 383E470B244267000012977A /* TextViewEditingDelegate.swift */; };
		384604AC23E7A339006F6540 /* SwipeableCardDataSource.swift in Sources */ = {isa = PBXBuildFile; fileRef = 384604AB23E7A339006F6540 /* SwipeableCardDataSource.swift */; };
		384604B023E7A736006F6540 /* SwipeCardView.swift in Sources */ = {isa = PBXBuildFile; fileRef = 384604AF23E7A736006F6540 /* SwipeCardView.swift */; };
		384604B223EA712A006F6540 /* SwipeCardModel.swift in Sources */ = {isa = PBXBuildFile; fileRef = 384604B123EA712A006F6540 /* SwipeCardModel.swift */; };
		384604B423EA76D2006F6540 /* SwipeCardStackContainer.swift in Sources */ = {isa = PBXBuildFile; fileRef = 384604B323EA76D2006F6540 /* SwipeCardStackContainer.swift */; };
		38475D472469F894008EDD28 /* ListMessageModelController.swift in Sources */ = {isa = PBXBuildFile; fileRef = 38475D462469F894008EDD28 /* ListMessageModelController.swift */; };
		38475D49246A1CB6008EDD28 /* ListMessageViewModel.swift in Sources */ = {isa = PBXBuildFile; fileRef = 38475D48246A1CB6008EDD28 /* ListMessageViewModel.swift */; };
		38475D52246B2CC4008EDD28 /* UserDetailsModelController.swift in Sources */ = {isa = PBXBuildFile; fileRef = 38475D51246B2CC4008EDD28 /* UserDetailsModelController.swift */; };
		38475D54246B6892008EDD28 /* LoadingAnimationView.swift in Sources */ = {isa = PBXBuildFile; fileRef = 38475D53246B6892008EDD28 /* LoadingAnimationView.swift */; };
		38475D57246B6D8D008EDD28 /* loading.json in Resources */ = {isa = PBXBuildFile; fileRef = 38475D56246B6D8D008EDD28 /* loading.json */; };
		38475D5B246B7D84008EDD28 /* SearchingAnimationView.swift in Sources */ = {isa = PBXBuildFile; fileRef = 38475D5A246B7D84008EDD28 /* SearchingAnimationView.swift */; };
		38475D5F246B82BD008EDD28 /* people.json in Resources */ = {isa = PBXBuildFile; fileRef = 38475D5E246B82BD008EDD28 /* people.json */; };
		38475D67246CB563008EDD28 /* match0.json in Resources */ = {isa = PBXBuildFile; fileRef = 38475D66246CB563008EDD28 /* match0.json */; };
		38475D6A246CDA66008EDD28 /* match1.json in Resources */ = {isa = PBXBuildFile; fileRef = 38475D68246CDA66008EDD28 /* match1.json */; };
		38475D6B246CDA66008EDD28 /* match2.json in Resources */ = {isa = PBXBuildFile; fileRef = 38475D69246CDA66008EDD28 /* match2.json */; };
		38475D6D246CDB9F008EDD28 /* match3.json in Resources */ = {isa = PBXBuildFile; fileRef = 38475D6C246CDB9F008EDD28 /* match3.json */; };
		38475D70246D077F008EDD28 /* SignInViewController.swift in Sources */ = {isa = PBXBuildFile; fileRef = 38475D6F246D077F008EDD28 /* SignInViewController.swift */; };
		38475D72246D078B008EDD28 /* SignInView.swift in Sources */ = {isa = PBXBuildFile; fileRef = 38475D71246D078B008EDD28 /* SignInView.swift */; };
		384EDF1D2438DFFB00001F7B /* ChatView.swift in Sources */ = {isa = PBXBuildFile; fileRef = 384EDF1C2438DFFB00001F7B /* ChatView.swift */; };
		3854F6492437C4EC00229E16 /* ChatViewController.swift in Sources */ = {isa = PBXBuildFile; fileRef = 3854F6452437C4EC00229E16 /* ChatViewController.swift */; };
		3854F64B2437C4EC00229E16 /* InputTextView.swift in Sources */ = {isa = PBXBuildFile; fileRef = 3854F6472437C4EC00229E16 /* InputTextView.swift */; };
		3854F64C2437C4EC00229E16 /* ChatCell.swift in Sources */ = {isa = PBXBuildFile; fileRef = 3854F6482437C4EC00229E16 /* ChatCell.swift */; };
		3854F6552438092000229E16 /* CALayer+helpers.swift in Sources */ = {isa = PBXBuildFile; fileRef = 3854F6542438092000229E16 /* CALayer+helpers.swift */; };
		3854F65C2438526B00229E16 /* MainView.swift in Sources */ = {isa = PBXBuildFile; fileRef = 3854F65B2438526B00229E16 /* MainView.swift */; };
		3889EB502454C942009B63C2 /* ChatModelController.swift in Sources */ = {isa = PBXBuildFile; fileRef = 3889EB4F2454C942009B63C2 /* ChatModelController.swift */; };
		3889EB522454D02E009B63C2 /* MessageViewModel.swift in Sources */ = {isa = PBXBuildFile; fileRef = 3889EB512454D02E009B63C2 /* MessageViewModel.swift */; };
		38A41D0923E0C0D800F904B9 /* RoundedUserImage.swift in Sources */ = {isa = PBXBuildFile; fileRef = 38A41D0823E0C0D800F904B9 /* RoundedUserImage.swift */; };
		38BFFAE6244D27C000AC6B5E /* UIColor+extension .swift in Sources */ = {isa = PBXBuildFile; fileRef = 38BFFAE5244D27C000AC6B5E /* UIColor+extension .swift */; };
		38BFFAE8244D2A6A00AC6B5E /* LocationService.swift in Sources */ = {isa = PBXBuildFile; fileRef = 38BFFAE7244D2A6A00AC6B5E /* LocationService.swift */; };
		38BFFAEA244EBF9500AC6B5E /* AutoSwipeDelegate.swift in Sources */ = {isa = PBXBuildFile; fileRef = 38BFFAE9244EBF9500AC6B5E /* AutoSwipeDelegate.swift */; };
		38C1EA032443AE1300CEA9B2 /* FacebookAuthenticator.swift in Sources */ = {isa = PBXBuildFile; fileRef = 38C1EA022443AE1300CEA9B2 /* FacebookAuthenticator.swift */; };
		38C1EA052443F58200CEA9B2 /* FacebookUserDataDelegate.swift in Sources */ = {isa = PBXBuildFile; fileRef = 38C1EA042443F58200CEA9B2 /* FacebookUserDataDelegate.swift */; };
		38DACAF6244A68B600F4E60E /* FirebaseService.swift in Sources */ = {isa = PBXBuildFile; fileRef = 38DACAF5244A68B600F4E60E /* FirebaseService.swift */; };
		38DACAFA244B89E300F4E60E /* CustomNavigationView.swift in Sources */ = {isa = PBXBuildFile; fileRef = 38DACAF9244B89E300F4E60E /* CustomNavigationView.swift */; };
		38DACAFC244B9A0C00F4E60E /* NameContainerView.swift in Sources */ = {isa = PBXBuildFile; fileRef = 38DACAFB244B9A0C00F4E60E /* NameContainerView.swift */; };
		38DACAFE244BAB9000F4E60E /* BioContainerView.swift in Sources */ = {isa = PBXBuildFile; fileRef = 38DACAFD244BAB9000F4E60E /* BioContainerView.swift */; };
		38DACB00244BAFBC00F4E60E /* ImageButtonsContainerView.swift in Sources */ = {isa = PBXBuildFile; fileRef = 38DACAFF244BAFBC00F4E60E /* ImageButtonsContainerView.swift */; };
		38DB158E2457FE2F00748B1B /* ImageDetailViewController.swift in Sources */ = {isa = PBXBuildFile; fileRef = 38DB158D2457FE2F00748B1B /* ImageDetailViewController.swift */; };
		38DB15942459D46F00748B1B /* EmailLoginViewController.swift in Sources */ = {isa = PBXBuildFile; fileRef = 38DB15932459D46F00748B1B /* EmailLoginViewController.swift */; };
		38DB15962459D4B000748B1B /* EmailLoginView.swift in Sources */ = {isa = PBXBuildFile; fileRef = 38DB15952459D4B000748B1B /* EmailLoginView.swift */; };
		38DFEA6A2445FF6600F1BE0D /* ListMessagesViewController.swift in Sources */ = {isa = PBXBuildFile; fileRef = 38DFEA692445FF6600F1BE0D /* ListMessagesViewController.swift */; };
		38DFEA6D2446013B00F1BE0D /* ListMessagesView.swift in Sources */ = {isa = PBXBuildFile; fileRef = 38DFEA6C2446013B00F1BE0D /* ListMessagesView.swift */; };
		38DFEA6F24461B4700F1BE0D /* ListMessageCell.swift in Sources */ = {isa = PBXBuildFile; fileRef = 38DFEA6E24461B4700F1BE0D /* ListMessageCell.swift */; };
		38DFEA752449166C00F1BE0D /* CustomAlertView.swift in Sources */ = {isa = PBXBuildFile; fileRef = 38DFEA742449166C00F1BE0D /* CustomAlertView.swift */; };
		38DFEA77244940CB00F1BE0D /* searchLocationAnimation.json in Resources */ = {isa = PBXBuildFile; fileRef = 38DFEA76244940CB00F1BE0D /* searchLocationAnimation.json */; };
		38F7672524525BE900B49F62 /* TapGestureDelegate.swift in Sources */ = {isa = PBXBuildFile; fileRef = 38F7672424525BE900B49F62 /* TapGestureDelegate.swift */; };
		38F90AD42470E91B005B0BEB /* Database.swift in Sources */ = {isa = PBXBuildFile; fileRef = 38F90AD32470E91B005B0BEB /* Database.swift */; };
		38F90AD62470EB36005B0BEB /* WritableDatabase.swift in Sources */ = {isa = PBXBuildFile; fileRef = 38F90AD52470EB36005B0BEB /* WritableDatabase.swift */; };
		9BA6D5103408BFD2BBA1F03E /* Pods_DatingApp.framework in Frameworks */ = {isa = PBXBuildFile; fileRef = A8CFFEEA26A33C258DE7A2FB /* Pods_DatingApp.framework */; };
/* End PBXBuildFile section */

/* Begin PBXFileReference section */
		1DB7192F28F55265A50163F1 /* Pods-DatingApp.release.xcconfig */ = {isa = PBXFileReference; includeInIndex = 1; lastKnownFileType = text.xcconfig; name = "Pods-DatingApp.release.xcconfig"; path = "Target Support Files/Pods-DatingApp/Pods-DatingApp.release.xcconfig"; sourceTree = "<group>"; };
		2415F39A24381BB00090031D /* LoginMainView.swift */ = {isa = PBXFileReference; lastKnownFileType = sourcecode.swift; path = LoginMainView.swift; sourceTree = "<group>"; };
		246B76C32438D73A00FE1D40 /* MainModelController.swift */ = {isa = PBXFileReference; lastKnownFileType = sourcecode.swift; path = MainModelController.swift; sourceTree = "<group>"; };
		382CC78323D3B0DD0043060E /* DatingApp.app */ = {isa = PBXFileReference; explicitFileType = wrapper.application; includeInIndex = 0; path = DatingApp.app; sourceTree = BUILT_PRODUCTS_DIR; };
		382CC78623D3B0DD0043060E /* AppDelegate.swift */ = {isa = PBXFileReference; lastKnownFileType = sourcecode.swift; path = AppDelegate.swift; sourceTree = "<group>"; };
		382CC78823D3B0DD0043060E /* SceneDelegate.swift */ = {isa = PBXFileReference; lastKnownFileType = sourcecode.swift; path = SceneDelegate.swift; sourceTree = "<group>"; };
		382CC78A23D3B0DD0043060E /* LoginViewController.swift */ = {isa = PBXFileReference; lastKnownFileType = sourcecode.swift; path = LoginViewController.swift; sourceTree = "<group>"; };
		382CC78D23D3B0DD0043060E /* Base */ = {isa = PBXFileReference; lastKnownFileType = file.storyboard; name = Base; path = Base.lproj/Main.storyboard; sourceTree = "<group>"; };
		382CC78F23D3B0DF0043060E /* Assets.xcassets */ = {isa = PBXFileReference; lastKnownFileType = folder.assetcatalog; path = Assets.xcassets; sourceTree = "<group>"; };
		382CC79223D3B0DF0043060E /* Base */ = {isa = PBXFileReference; lastKnownFileType = file.storyboard; name = Base; path = Base.lproj/LaunchScreen.storyboard; sourceTree = "<group>"; };
		382CC79423D3B0DF0043060E /* Info.plist */ = {isa = PBXFileReference; lastKnownFileType = text.plist.xml; path = Info.plist; sourceTree = "<group>"; };
		382CC7A023D5EF650043060E /* Constants.swift */ = {isa = PBXFileReference; lastKnownFileType = sourcecode.swift; path = Constants.swift; sourceTree = "<group>"; };
		382CC7A223D78C940043060E /* GoogleService-Info.plist */ = {isa = PBXFileReference; fileEncoding = 4; lastKnownFileType = text.plist.xml; path = "GoogleService-Info.plist"; sourceTree = "<group>"; };
		382CC7A423D791150043060E /* MainViewController.swift */ = {isa = PBXFileReference; lastKnownFileType = sourcecode.swift; path = MainViewController.swift; sourceTree = "<group>"; };
		3837CD5F24562701007B4297 /* UITextView+helper.swift */ = {isa = PBXFileReference; lastKnownFileType = sourcecode.swift; path = "UITextView+helper.swift"; sourceTree = "<group>"; };
		3837CD6124564404007B4297 /* ZoomTapDelegate.swift */ = {isa = PBXFileReference; lastKnownFileType = sourcecode.swift; path = ZoomTapDelegate.swift; sourceTree = "<group>"; };
		3838C0572453E30C00092341 /* Message.swift */ = {isa = PBXFileReference; lastKnownFileType = sourcecode.swift; path = Message.swift; sourceTree = "<group>"; };
		383E46D22440E6A60012977A /* loveAnimation.json */ = {isa = PBXFileReference; fileEncoding = 4; lastKnownFileType = text.json; path = loveAnimation.json; sourceTree = "<group>"; };
		383E46DE244265450012977A /* UserDetailsViewController.swift */ = {isa = PBXFileReference; fileEncoding = 4; lastKnownFileType = sourcecode.swift; path = UserDetailsViewController.swift; sourceTree = "<group>"; };
		383E46E0244265450012977A /* UserDetailsViewModel.swift */ = {isa = PBXFileReference; fileEncoding = 4; lastKnownFileType = sourcecode.swift; path = UserDetailsViewModel.swift; sourceTree = "<group>"; };
		383E46E1244265450012977A /* UserModel.swift */ = {isa = PBXFileReference; fileEncoding = 4; lastKnownFileType = sourcecode.swift; path = UserModel.swift; sourceTree = "<group>"; };
		383E46E3244265450012977A /* UserDetailsView.swift */ = {isa = PBXFileReference; fileEncoding = 4; lastKnownFileType = sourcecode.swift; path = UserDetailsView.swift; sourceTree = "<group>"; };
		383E46EA244265570012977A /* EditUserDetailsViewController.swift */ = {isa = PBXFileReference; fileEncoding = 4; lastKnownFileType = sourcecode.swift; path = EditUserDetailsViewController.swift; sourceTree = "<group>"; };
		383E46EC244265570012977A /* EditUserDetailsView.swift */ = {isa = PBXFileReference; fileEncoding = 4; lastKnownFileType = sourcecode.swift; path = EditUserDetailsView.swift; sourceTree = "<group>"; };
		383E46ED244265570012977A /* SectionTitleLabel.swift */ = {isa = PBXFileReference; fileEncoding = 4; lastKnownFileType = sourcecode.swift; path = SectionTitleLabel.swift; sourceTree = "<group>"; };
		383E46EE244265570012977A /* AddImageButton.swift */ = {isa = PBXFileReference; fileEncoding = 4; lastKnownFileType = sourcecode.swift; path = AddImageButton.swift; sourceTree = "<group>"; };
		383E46F3244265970012977A /* CustomTextView.swift */ = {isa = PBXFileReference; fileEncoding = 4; lastKnownFileType = sourcecode.swift; path = CustomTextView.swift; sourceTree = "<group>"; };
		383E46F4244265980012977A /* RoundedButton.swift */ = {isa = PBXFileReference; fileEncoding = 4; lastKnownFileType = sourcecode.swift; path = RoundedButton.swift; sourceTree = "<group>"; };
		383E46F5244265980012977A /* CustomContainerView.swift */ = {isa = PBXFileReference; fileEncoding = 4; lastKnownFileType = sourcecode.swift; path = CustomContainerView.swift; sourceTree = "<group>"; };
		383E46F6244265980012977A /* CircleImageView.swift */ = {isa = PBXFileReference; fileEncoding = 4; lastKnownFileType = sourcecode.swift; name = CircleImageView.swift; path = "../../../../../Downloads/DatingApp-user-details-display-ui/DatingApp/Views/CircleImageView.swift"; sourceTree = "<group>"; };
		383E46F7244265980012977A /* CustomTextField.swift */ = {isa = PBXFileReference; fileEncoding = 4; lastKnownFileType = sourcecode.swift; path = CustomTextField.swift; sourceTree = "<group>"; };
		383E46F8244265980012977A /* CustomStackView.swift */ = {isa = PBXFileReference; fileEncoding = 4; lastKnownFileType = sourcecode.swift; path = CustomStackView.swift; sourceTree = "<group>"; };
		383E46F9244265980012977A /* CustomImageView.swift */ = {isa = PBXFileReference; fileEncoding = 4; lastKnownFileType = sourcecode.swift; path = CustomImageView.swift; sourceTree = "<group>"; };
		383E46FA244265990012977A /* CustomScrollView.swift */ = {isa = PBXFileReference; fileEncoding = 4; lastKnownFileType = sourcecode.swift; path = CustomScrollView.swift; sourceTree = "<group>"; };
		383E46FB244265990012977A /* CustomButton.swift */ = {isa = PBXFileReference; fileEncoding = 4; lastKnownFileType = sourcecode.swift; name = CustomButton.swift; path = "../../../../../Downloads/DatingApp-user-details-display-ui/DatingApp/Views/CustomButton.swift"; sourceTree = "<group>"; };
		383E46FC244265990012977A /* CustomLabel.swift */ = {isa = PBXFileReference; fileEncoding = 4; lastKnownFileType = sourcecode.swift; path = CustomLabel.swift; sourceTree = "<group>"; };
		383E4707244266740012977A /* UIView+helpers.swift */ = {isa = PBXFileReference; fileEncoding = 4; lastKnownFileType = sourcecode.swift; path = "UIView+helpers.swift"; sourceTree = "<group>"; };
		383E470A244267000012977A /* KeyboardDelegate.swift */ = {isa = PBXFileReference; fileEncoding = 4; lastKnownFileType = sourcecode.swift; path = KeyboardDelegate.swift; sourceTree = "<group>"; };
		383E470B244267000012977A /* TextViewEditingDelegate.swift */ = {isa = PBXFileReference; fileEncoding = 4; lastKnownFileType = sourcecode.swift; path = TextViewEditingDelegate.swift; sourceTree = "<group>"; };
		384604AB23E7A339006F6540 /* SwipeableCardDataSource.swift */ = {isa = PBXFileReference; lastKnownFileType = sourcecode.swift; path = SwipeableCardDataSource.swift; sourceTree = "<group>"; };
		384604AF23E7A736006F6540 /* SwipeCardView.swift */ = {isa = PBXFileReference; lastKnownFileType = sourcecode.swift; path = SwipeCardView.swift; sourceTree = "<group>"; };
		384604B123EA712A006F6540 /* SwipeCardModel.swift */ = {isa = PBXFileReference; lastKnownFileType = sourcecode.swift; path = SwipeCardModel.swift; sourceTree = "<group>"; };
		384604B323EA76D2006F6540 /* SwipeCardStackContainer.swift */ = {isa = PBXFileReference; lastKnownFileType = sourcecode.swift; path = SwipeCardStackContainer.swift; sourceTree = "<group>"; };
		38475D462469F894008EDD28 /* ListMessageModelController.swift */ = {isa = PBXFileReference; lastKnownFileType = sourcecode.swift; path = ListMessageModelController.swift; sourceTree = "<group>"; };
		38475D48246A1CB6008EDD28 /* ListMessageViewModel.swift */ = {isa = PBXFileReference; lastKnownFileType = sourcecode.swift; path = ListMessageViewModel.swift; sourceTree = "<group>"; };
		38475D51246B2CC4008EDD28 /* UserDetailsModelController.swift */ = {isa = PBXFileReference; lastKnownFileType = sourcecode.swift; path = UserDetailsModelController.swift; sourceTree = "<group>"; };
		38475D53246B6892008EDD28 /* LoadingAnimationView.swift */ = {isa = PBXFileReference; lastKnownFileType = sourcecode.swift; path = LoadingAnimationView.swift; sourceTree = "<group>"; };
		38475D56246B6D8D008EDD28 /* loading.json */ = {isa = PBXFileReference; fileEncoding = 4; lastKnownFileType = text.json; path = loading.json; sourceTree = "<group>"; };
		38475D5A246B7D84008EDD28 /* SearchingAnimationView.swift */ = {isa = PBXFileReference; lastKnownFileType = sourcecode.swift; path = SearchingAnimationView.swift; sourceTree = "<group>"; };
		38475D5E246B82BD008EDD28 /* people.json */ = {isa = PBXFileReference; fileEncoding = 4; lastKnownFileType = text.json; path = people.json; sourceTree = "<group>"; };
		38475D66246CB563008EDD28 /* match0.json */ = {isa = PBXFileReference; fileEncoding = 4; lastKnownFileType = text.json; path = match0.json; sourceTree = "<group>"; };
		38475D68246CDA66008EDD28 /* match1.json */ = {isa = PBXFileReference; fileEncoding = 4; lastKnownFileType = text.json; path = match1.json; sourceTree = "<group>"; };
		38475D69246CDA66008EDD28 /* match2.json */ = {isa = PBXFileReference; fileEncoding = 4; lastKnownFileType = text.json; path = match2.json; sourceTree = "<group>"; };
		38475D6C246CDB9F008EDD28 /* match3.json */ = {isa = PBXFileReference; fileEncoding = 4; lastKnownFileType = text.json; path = match3.json; sourceTree = "<group>"; };
		38475D6F246D077F008EDD28 /* SignInViewController.swift */ = {isa = PBXFileReference; lastKnownFileType = sourcecode.swift; path = SignInViewController.swift; sourceTree = "<group>"; };
		38475D71246D078B008EDD28 /* SignInView.swift */ = {isa = PBXFileReference; lastKnownFileType = sourcecode.swift; path = SignInView.swift; sourceTree = "<group>"; };
		384EDF1C2438DFFB00001F7B /* ChatView.swift */ = {isa = PBXFileReference; lastKnownFileType = sourcecode.swift; path = ChatView.swift; sourceTree = "<group>"; };
		3854F6452437C4EC00229E16 /* ChatViewController.swift */ = {isa = PBXFileReference; fileEncoding = 4; lastKnownFileType = sourcecode.swift; path = ChatViewController.swift; sourceTree = "<group>"; };
		3854F6472437C4EC00229E16 /* InputTextView.swift */ = {isa = PBXFileReference; fileEncoding = 4; lastKnownFileType = sourcecode.swift; path = InputTextView.swift; sourceTree = "<group>"; };
		3854F6482437C4EC00229E16 /* ChatCell.swift */ = {isa = PBXFileReference; fileEncoding = 4; lastKnownFileType = sourcecode.swift; path = ChatCell.swift; sourceTree = "<group>"; };
		3854F6542438092000229E16 /* CALayer+helpers.swift */ = {isa = PBXFileReference; lastKnownFileType = sourcecode.swift; path = "CALayer+helpers.swift"; sourceTree = "<group>"; };
		3854F65B2438526B00229E16 /* MainView.swift */ = {isa = PBXFileReference; lastKnownFileType = sourcecode.swift; path = MainView.swift; sourceTree = "<group>"; };
		3889EB4F2454C942009B63C2 /* ChatModelController.swift */ = {isa = PBXFileReference; lastKnownFileType = sourcecode.swift; path = ChatModelController.swift; sourceTree = "<group>"; };
		3889EB512454D02E009B63C2 /* MessageViewModel.swift */ = {isa = PBXFileReference; lastKnownFileType = sourcecode.swift; path = MessageViewModel.swift; sourceTree = "<group>"; };
		38A41D0823E0C0D800F904B9 /* RoundedUserImage.swift */ = {isa = PBXFileReference; lastKnownFileType = sourcecode.swift; path = RoundedUserImage.swift; sourceTree = "<group>"; };
		38BFFAE5244D27C000AC6B5E /* UIColor+extension .swift */ = {isa = PBXFileReference; lastKnownFileType = sourcecode.swift; path = "UIColor+extension .swift"; sourceTree = "<group>"; };
		38BFFAE7244D2A6A00AC6B5E /* LocationService.swift */ = {isa = PBXFileReference; lastKnownFileType = sourcecode.swift; path = LocationService.swift; sourceTree = "<group>"; };
		38BFFAE9244EBF9500AC6B5E /* AutoSwipeDelegate.swift */ = {isa = PBXFileReference; lastKnownFileType = sourcecode.swift; path = AutoSwipeDelegate.swift; sourceTree = "<group>"; };
		38C1EA022443AE1300CEA9B2 /* FacebookAuthenticator.swift */ = {isa = PBXFileReference; lastKnownFileType = sourcecode.swift; path = FacebookAuthenticator.swift; sourceTree = "<group>"; };
		38C1EA042443F58200CEA9B2 /* FacebookUserDataDelegate.swift */ = {isa = PBXFileReference; lastKnownFileType = sourcecode.swift; path = FacebookUserDataDelegate.swift; sourceTree = "<group>"; };
		38DACAF5244A68B600F4E60E /* FirebaseService.swift */ = {isa = PBXFileReference; lastKnownFileType = sourcecode.swift; path = FirebaseService.swift; sourceTree = "<group>"; };
		38DACAF9244B89E300F4E60E /* CustomNavigationView.swift */ = {isa = PBXFileReference; lastKnownFileType = sourcecode.swift; path = CustomNavigationView.swift; sourceTree = "<group>"; };
		38DACAFB244B9A0C00F4E60E /* NameContainerView.swift */ = {isa = PBXFileReference; lastKnownFileType = sourcecode.swift; path = NameContainerView.swift; sourceTree = "<group>"; };
		38DACAFD244BAB9000F4E60E /* BioContainerView.swift */ = {isa = PBXFileReference; lastKnownFileType = sourcecode.swift; path = BioContainerView.swift; sourceTree = "<group>"; };
		38DACAFF244BAFBC00F4E60E /* ImageButtonsContainerView.swift */ = {isa = PBXFileReference; lastKnownFileType = sourcecode.swift; path = ImageButtonsContainerView.swift; sourceTree = "<group>"; };
		38DB158D2457FE2F00748B1B /* ImageDetailViewController.swift */ = {isa = PBXFileReference; lastKnownFileType = sourcecode.swift; path = ImageDetailViewController.swift; sourceTree = "<group>"; };
		38DB15932459D46F00748B1B /* EmailLoginViewController.swift */ = {isa = PBXFileReference; lastKnownFileType = sourcecode.swift; path = EmailLoginViewController.swift; sourceTree = "<group>"; };
		38DB15952459D4B000748B1B /* EmailLoginView.swift */ = {isa = PBXFileReference; lastKnownFileType = sourcecode.swift; path = EmailLoginView.swift; sourceTree = "<group>"; };
		38DFEA692445FF6600F1BE0D /* ListMessagesViewController.swift */ = {isa = PBXFileReference; lastKnownFileType = sourcecode.swift; path = ListMessagesViewController.swift; sourceTree = "<group>"; };
		38DFEA6C2446013B00F1BE0D /* ListMessagesView.swift */ = {isa = PBXFileReference; lastKnownFileType = sourcecode.swift; path = ListMessagesView.swift; sourceTree = "<group>"; };
		38DFEA6E24461B4700F1BE0D /* ListMessageCell.swift */ = {isa = PBXFileReference; lastKnownFileType = sourcecode.swift; path = ListMessageCell.swift; sourceTree = "<group>"; };
		38DFEA742449166C00F1BE0D /* CustomAlertView.swift */ = {isa = PBXFileReference; lastKnownFileType = sourcecode.swift; path = CustomAlertView.swift; sourceTree = "<group>"; };
		38DFEA76244940CB00F1BE0D /* searchLocationAnimation.json */ = {isa = PBXFileReference; fileEncoding = 4; lastKnownFileType = text.json; path = searchLocationAnimation.json; sourceTree = "<group>"; };
		38F7672424525BE900B49F62 /* TapGestureDelegate.swift */ = {isa = PBXFileReference; lastKnownFileType = sourcecode.swift; path = TapGestureDelegate.swift; sourceTree = "<group>"; };
		38F90AD32470E91B005B0BEB /* Database.swift */ = {isa = PBXFileReference; lastKnownFileType = sourcecode.swift; path = Database.swift; sourceTree = "<group>"; };
		38F90AD52470EB36005B0BEB /* WritableDatabase.swift */ = {isa = PBXFileReference; lastKnownFileType = sourcecode.swift; path = WritableDatabase.swift; sourceTree = "<group>"; };
		749D73F991725B5396E85F76 /* Pods-DatingApp.debug.xcconfig */ = {isa = PBXFileReference; includeInIndex = 1; lastKnownFileType = text.xcconfig; name = "Pods-DatingApp.debug.xcconfig"; path = "Target Support Files/Pods-DatingApp/Pods-DatingApp.debug.xcconfig"; sourceTree = "<group>"; };
		A8CFFEEA26A33C258DE7A2FB /* Pods_DatingApp.framework */ = {isa = PBXFileReference; explicitFileType = wrapper.framework; includeInIndex = 0; path = Pods_DatingApp.framework; sourceTree = BUILT_PRODUCTS_DIR; };
/* End PBXFileReference section */

/* Begin PBXFrameworksBuildPhase section */
		382CC78023D3B0DD0043060E /* Frameworks */ = {
			isa = PBXFrameworksBuildPhase;
			buildActionMask = 2147483647;
			files = (
				9BA6D5103408BFD2BBA1F03E /* Pods_DatingApp.framework in Frameworks */,
			);
			runOnlyForDeploymentPostprocessing = 0;
		};
/* End PBXFrameworksBuildPhase section */

/* Begin PBXGroup section */
		09ABD1EB85F38846F36BC74B /* Pods */ = {
			isa = PBXGroup;
			children = (
				749D73F991725B5396E85F76 /* Pods-DatingApp.debug.xcconfig */,
				1DB7192F28F55265A50163F1 /* Pods-DatingApp.release.xcconfig */,
			);
			path = Pods;
			sourceTree = "<group>";
		};
		2415F39824381B890090031D /* View */ = {
			isa = PBXGroup;
			children = (
				2415F39A24381BB00090031D /* LoginMainView.swift */,
				38DB15952459D4B000748B1B /* EmailLoginView.swift */,
			);
			path = View;
			sourceTree = "<group>";
		};
		2415F39924381B8F0090031D /* Controller */ = {
			isa = PBXGroup;
			children = (
				382CC78A23D3B0DD0043060E /* LoginViewController.swift */,
				38C1EA022443AE1300CEA9B2 /* FacebookAuthenticator.swift */,
				38DB15932459D46F00748B1B /* EmailLoginViewController.swift */,
			);
			path = Controller;
			sourceTree = "<group>";
		};
		246B76BD24382AE500FE1D40 /* Storyboards */ = {
			isa = PBXGroup;
			children = (
				382CC78C23D3B0DD0043060E /* Main.storyboard */,
				382CC79123D3B0DF0043060E /* LaunchScreen.storyboard */,
			);
			path = Storyboards;
			sourceTree = "<group>";
		};
		246B76BE24382B1100FE1D40 /* SupportingFiles */ = {
			isa = PBXGroup;
			children = (
				383E46D12440E6950012977A /* LottieFiles */,
				382CC78F23D3B0DF0043060E /* Assets.xcassets */,
				382CC7A223D78C940043060E /* GoogleService-Info.plist */,
			);
			path = SupportingFiles;
			sourceTree = "<group>";
		};
		382CC77A23D3B0DD0043060E = {
			isa = PBXGroup;
			children = (
				382CC78523D3B0DD0043060E /* DatingApp */,
				382CC78423D3B0DD0043060E /* Products */,
				09ABD1EB85F38846F36BC74B /* Pods */,
				F12EC8373E2D99DDF2F32760 /* Frameworks */,
			);
			sourceTree = "<group>";
		};
		382CC78423D3B0DD0043060E /* Products */ = {
			isa = PBXGroup;
			children = (
				382CC78323D3B0DD0043060E /* DatingApp.app */,
			);
			name = Products;
			sourceTree = "<group>";
		};
		382CC78523D3B0DD0043060E /* DatingApp */ = {
			isa = PBXGroup;
			children = (
				382CC78623D3B0DD0043060E /* AppDelegate.swift */,
				382CC78823D3B0DD0043060E /* SceneDelegate.swift */,
				38475D4C246A8382008EDD28 /* Model */,
				382CC79B23D5ECBF0043060E /* Views */,
				3889EB5524560042009B63C2 /* Services */,
				38475D6E246D0759008EDD28 /* SignInScreen */,
				38F1B52E23E25AF30003F6A9 /* LoginScreen */,
				384604AA23E7A308006F6540 /* MainScreen */,
				383E46DC244265450012977A /* UserDetails */,
				383E46E8244265570012977A /* EditUserDetails */,
				38DFEA6B2445FF6D00F1BE0D /* ListMessages */,
				3854F6442437C4EC00229E16 /* Message */,
				383E4709244267000012977A /* Protocols */,
				38475D55246B6897008EDD28 /* Animations */,
				246B76BD24382AE500FE1D40 /* Storyboards */,
				3854F653243808FC00229E16 /* Helpers */,
				246B76BE24382B1100FE1D40 /* SupportingFiles */,
				382CC79423D3B0DF0043060E /* Info.plist */,
			);
			path = DatingApp;
			sourceTree = "<group>";
		};
		382CC79B23D5ECBF0043060E /* Views */ = {
			isa = PBXGroup;
			children = (
				383E46F6244265980012977A /* CircleImageView.swift */,
				383E46FB244265990012977A /* CustomButton.swift */,
				383E46F5244265980012977A /* CustomContainerView.swift */,
				383E46F9244265980012977A /* CustomImageView.swift */,
				383E46FC244265990012977A /* CustomLabel.swift */,
				383E46FA244265990012977A /* CustomScrollView.swift */,
				383E46F8244265980012977A /* CustomStackView.swift */,
				383E46F7244265980012977A /* CustomTextField.swift */,
				383E46F3244265970012977A /* CustomTextView.swift */,
				383E46F4244265980012977A /* RoundedButton.swift */,
				38DACAF9244B89E300F4E60E /* CustomNavigationView.swift */,
			);
			path = Views;
			sourceTree = "<group>";
		};
		383E46D12440E6950012977A /* LottieFiles */ = {
			isa = PBXGroup;
			children = (
				38475D66246CB563008EDD28 /* match0.json */,
				38475D68246CDA66008EDD28 /* match1.json */,
				38475D69246CDA66008EDD28 /* match2.json */,
				38475D6C246CDB9F008EDD28 /* match3.json */,
				38475D5E246B82BD008EDD28 /* people.json */,
				38475D56246B6D8D008EDD28 /* loading.json */,
				383E46D22440E6A60012977A /* loveAnimation.json */,
				38DFEA76244940CB00F1BE0D /* searchLocationAnimation.json */,
			);
			path = LottieFiles;
			sourceTree = "<group>";
		};
		383E46DC244265450012977A /* UserDetails */ = {
			isa = PBXGroup;
			children = (
				383E46DD244265450012977A /* Controller */,
				383E46DF244265450012977A /* Model */,
				383E46E2244265450012977A /* View */,
			);
			path = UserDetails;
			sourceTree = "<group>";
		};
		383E46DD244265450012977A /* Controller */ = {
			isa = PBXGroup;
			children = (
				383E46DE244265450012977A /* UserDetailsViewController.swift */,
				38475D51246B2CC4008EDD28 /* UserDetailsModelController.swift */,
			);
			path = Controller;
			sourceTree = "<group>";
		};
		383E46DF244265450012977A /* Model */ = {
			isa = PBXGroup;
			children = (
				383E46E0244265450012977A /* UserDetailsViewModel.swift */,
			);
			path = Model;
			sourceTree = "<group>";
		};
		383E46E2244265450012977A /* View */ = {
			isa = PBXGroup;
			children = (
				383E46E3244265450012977A /* UserDetailsView.swift */,
				38DACAFB244B9A0C00F4E60E /* NameContainerView.swift */,
				38DACAFD244BAB9000F4E60E /* BioContainerView.swift */,
			);
			path = View;
			sourceTree = "<group>";
		};
		383E46E8244265570012977A /* EditUserDetails */ = {
			isa = PBXGroup;
			children = (
				383E46E9244265570012977A /* Controller */,
				383E46EB244265570012977A /* View */,
			);
			path = EditUserDetails;
			sourceTree = "<group>";
		};
		383E46E9244265570012977A /* Controller */ = {
			isa = PBXGroup;
			children = (
				383E46EA244265570012977A /* EditUserDetailsViewController.swift */,
			);
			path = Controller;
			sourceTree = "<group>";
		};
		383E46EB244265570012977A /* View */ = {
			isa = PBXGroup;
			children = (
				383E46EC244265570012977A /* EditUserDetailsView.swift */,
				383E46ED244265570012977A /* SectionTitleLabel.swift */,
				383E46EE244265570012977A /* AddImageButton.swift */,
				38DACAFF244BAFBC00F4E60E /* ImageButtonsContainerView.swift */,
			);
			path = View;
			sourceTree = "<group>";
		};
		383E4709244267000012977A /* Protocols */ = {
			isa = PBXGroup;
			children = (
				383E470A244267000012977A /* KeyboardDelegate.swift */,
				383E470B244267000012977A /* TextViewEditingDelegate.swift */,
				38C1EA042443F58200CEA9B2 /* FacebookUserDataDelegate.swift */,
				38BFFAE9244EBF9500AC6B5E /* AutoSwipeDelegate.swift */,
				38F7672424525BE900B49F62 /* TapGestureDelegate.swift */,
				3837CD6124564404007B4297 /* ZoomTapDelegate.swift */,
				38F90AD32470E91B005B0BEB /* Database.swift */,
				38F90AD52470EB36005B0BEB /* WritableDatabase.swift */,
			);
			path = Protocols;
			sourceTree = "<group>";
		};
		384604AA23E7A308006F6540 /* MainScreen */ = {
			isa = PBXGroup;
			children = (
				38DACAF0244A145C00F4E60E /* View */,
				3854F65A24384F8F00229E16 /* Controller */,
				3854F64E2437C93300229E16 /* Swipe */,
			);
			path = MainScreen;
			sourceTree = "<group>";
		};
		38475D422469F6BF008EDD28 /* View */ = {
			isa = PBXGroup;
			children = (
				38DFEA6E24461B4700F1BE0D /* ListMessageCell.swift */,
				38DFEA6C2446013B00F1BE0D /* ListMessagesView.swift */,
			);
			path = View;
			sourceTree = "<group>";
		};
		38475D452469F727008EDD28 /* Controller */ = {
			isa = PBXGroup;
			children = (
				38DFEA692445FF6600F1BE0D /* ListMessagesViewController.swift */,
				38475D462469F894008EDD28 /* ListMessageModelController.swift */,
			);
			path = Controller;
			sourceTree = "<group>";
		};
		38475D4C246A8382008EDD28 /* Model */ = {
			isa = PBXGroup;
			children = (
				383E46E1244265450012977A /* UserModel.swift */,
			);
			path = Model;
			sourceTree = "<group>";
		};
		38475D55246B6897008EDD28 /* Animations */ = {
			isa = PBXGroup;
			children = (
				38475D53246B6892008EDD28 /* LoadingAnimationView.swift */,
			);
			path = Animations;
			sourceTree = "<group>";
		};
		38475D6E246D0759008EDD28 /* SignInScreen */ = {
			isa = PBXGroup;
			children = (
				38475D74246D07AC008EDD28 /* View */,
				38475D73246D07A4008EDD28 /* Controller */,
			);
			path = SignInScreen;
			sourceTree = "<group>";
		};
		38475D73246D07A4008EDD28 /* Controller */ = {
			isa = PBXGroup;
			children = (
				38475D6F246D077F008EDD28 /* SignInViewController.swift */,
			);
			path = Controller;
			sourceTree = "<group>";
		};
		38475D74246D07AC008EDD28 /* View */ = {
			isa = PBXGroup;
			children = (
				38475D71246D078B008EDD28 /* SignInView.swift */,
			);
			path = View;
			sourceTree = "<group>";
		};
		3854F6442437C4EC00229E16 /* Message */ = {
			isa = PBXGroup;
			children = (
				3838C0572453E30C00092341 /* Message.swift */,
				3889EB512454D02E009B63C2 /* MessageViewModel.swift */,
				3854F65924384F6A00229E16 /* Controller */,
				3854F65824384F6100229E16 /* View */,
			);
			path = Message;
			sourceTree = "<group>";
		};
		3854F64E2437C93300229E16 /* Swipe */ = {
			isa = PBXGroup;
			children = (
				3854F65724384F1200229E16 /* Model */,
				3854F65624384A0C00229E16 /* View */,
			);
			path = Swipe;
			sourceTree = "<group>";
		};
		3854F653243808FC00229E16 /* Helpers */ = {
			isa = PBXGroup;
			children = (
				383E4707244266740012977A /* UIView+helpers.swift */,
				382CC7A023D5EF650043060E /* Constants.swift */,
				3854F6542438092000229E16 /* CALayer+helpers.swift */,
				38BFFAE5244D27C000AC6B5E /* UIColor+extension .swift */,
				3837CD5F24562701007B4297 /* UITextView+helper.swift */,
			);
			path = Helpers;
			sourceTree = "<group>";
		};
		3854F65624384A0C00229E16 /* View */ = {
			isa = PBXGroup;
			children = (
				38A41D0823E0C0D800F904B9 /* RoundedUserImage.swift */,
				384604AF23E7A736006F6540 /* SwipeCardView.swift */,
				384604B323EA76D2006F6540 /* SwipeCardStackContainer.swift */,
			);
			path = View;
			sourceTree = "<group>";
		};
		3854F65724384F1200229E16 /* Model */ = {
			isa = PBXGroup;
			children = (
				384604B123EA712A006F6540 /* SwipeCardModel.swift */,
				384604AB23E7A339006F6540 /* SwipeableCardDataSource.swift */,
			);
			path = Model;
			sourceTree = "<group>";
		};
		3854F65824384F6100229E16 /* View */ = {
			isa = PBXGroup;
			children = (
				3854F6472437C4EC00229E16 /* InputTextView.swift */,
				3854F6482437C4EC00229E16 /* ChatCell.swift */,
				384EDF1C2438DFFB00001F7B /* ChatView.swift */,
			);
			path = View;
			sourceTree = "<group>";
		};
		3854F65924384F6A00229E16 /* Controller */ = {
			isa = PBXGroup;
			children = (
				3854F6452437C4EC00229E16 /* ChatViewController.swift */,
				3889EB4F2454C942009B63C2 /* ChatModelController.swift */,
				38DB158D2457FE2F00748B1B /* ImageDetailViewController.swift */,
			);
			path = Controller;
			sourceTree = "<group>";
		};
		3854F65A24384F8F00229E16 /* Controller */ = {
			isa = PBXGroup;
			children = (
				382CC7A423D791150043060E /* MainViewController.swift */,
				246B76C32438D73A00FE1D40 /* MainModelController.swift */,
			);
			path = Controller;
			sourceTree = "<group>";
		};
		3889EB5524560042009B63C2 /* Services */ = {
			isa = PBXGroup;
			children = (
				38DACAF5244A68B600F4E60E /* FirebaseService.swift */,
				38BFFAE7244D2A6A00AC6B5E /* LocationService.swift */,
			);
			path = Services;
			sourceTree = "<group>";
		};
		38DACAF0244A145C00F4E60E /* View */ = {
			isa = PBXGroup;
			children = (
				3854F65B2438526B00229E16 /* MainView.swift */,
				38DFEA742449166C00F1BE0D /* CustomAlertView.swift */,
				38475D5A246B7D84008EDD28 /* SearchingAnimationView.swift */,
			);
			path = View;
			sourceTree = "<group>";
		};
		38DFEA6B2445FF6D00F1BE0D /* ListMessages */ = {
			isa = PBXGroup;
			children = (
				38475D452469F727008EDD28 /* Controller */,
				38475D422469F6BF008EDD28 /* View */,
				38475D48246A1CB6008EDD28 /* ListMessageViewModel.swift */,
			);
			path = ListMessages;
			sourceTree = "<group>";
		};
		38F1B52E23E25AF30003F6A9 /* LoginScreen */ = {
			isa = PBXGroup;
			children = (
				2415F39824381B890090031D /* View */,
				2415F39924381B8F0090031D /* Controller */,
			);
			path = LoginScreen;
			sourceTree = "<group>";
		};
		F12EC8373E2D99DDF2F32760 /* Frameworks */ = {
			isa = PBXGroup;
			children = (
				A8CFFEEA26A33C258DE7A2FB /* Pods_DatingApp.framework */,
			);
			name = Frameworks;
			sourceTree = "<group>";
		};
/* End PBXGroup section */

/* Begin PBXNativeTarget section */
		382CC78223D3B0DD0043060E /* DatingApp */ = {
			isa = PBXNativeTarget;
			buildConfigurationList = 382CC79723D3B0DF0043060E /* Build configuration list for PBXNativeTarget "DatingApp" */;
			buildPhases = (
				F5820B761DFF07ADCD87A7C1 /* [CP] Check Pods Manifest.lock */,
				382CC77F23D3B0DD0043060E /* Sources */,
				382CC78023D3B0DD0043060E /* Frameworks */,
				382CC78123D3B0DD0043060E /* Resources */,
				35FE26E7E5A9973512799833 /* [CP] Embed Pods Frameworks */,
			);
			buildRules = (
			);
			dependencies = (
			);
			name = DatingApp;
			productName = DatingApp;
			productReference = 382CC78323D3B0DD0043060E /* DatingApp.app */;
			productType = "com.apple.product-type.application";
		};
/* End PBXNativeTarget section */

/* Begin PBXProject section */
		382CC77B23D3B0DD0043060E /* Project object */ = {
			isa = PBXProject;
			attributes = {
				LastSwiftUpdateCheck = 1130;
				LastUpgradeCheck = 1130;
				ORGANIZATIONNAME = "Vy Le";
				TargetAttributes = {
					382CC78223D3B0DD0043060E = {
						CreatedOnToolsVersion = 11.3;
					};
				};
			};
			buildConfigurationList = 382CC77E23D3B0DD0043060E /* Build configuration list for PBXProject "DatingApp" */;
			compatibilityVersion = "Xcode 9.3";
			developmentRegion = en;
			hasScannedForEncodings = 0;
			knownRegions = (
				en,
				Base,
			);
			mainGroup = 382CC77A23D3B0DD0043060E;
			productRefGroup = 382CC78423D3B0DD0043060E /* Products */;
			projectDirPath = "";
			projectRoot = "";
			targets = (
				382CC78223D3B0DD0043060E /* DatingApp */,
			);
		};
/* End PBXProject section */

/* Begin PBXResourcesBuildPhase section */
		382CC78123D3B0DD0043060E /* Resources */ = {
			isa = PBXResourcesBuildPhase;
			buildActionMask = 2147483647;
			files = (
				382CC79323D3B0DF0043060E /* LaunchScreen.storyboard in Resources */,
				382CC7A323D78C940043060E /* GoogleService-Info.plist in Resources */,
				382CC79023D3B0DF0043060E /* Assets.xcassets in Resources */,
				38475D6D246CDB9F008EDD28 /* match3.json in Resources */,
				38475D6A246CDA66008EDD28 /* match1.json in Resources */,
				38DFEA77244940CB00F1BE0D /* searchLocationAnimation.json in Resources */,
				38475D5F246B82BD008EDD28 /* people.json in Resources */,
				38475D57246B6D8D008EDD28 /* loading.json in Resources */,
				38475D67246CB563008EDD28 /* match0.json in Resources */,
				38475D6B246CDA66008EDD28 /* match2.json in Resources */,
				382CC78E23D3B0DD0043060E /* Main.storyboard in Resources */,
				383E46D32440E6A60012977A /* loveAnimation.json in Resources */,
			);
			runOnlyForDeploymentPostprocessing = 0;
		};
/* End PBXResourcesBuildPhase section */

/* Begin PBXShellScriptBuildPhase section */
		35FE26E7E5A9973512799833 /* [CP] Embed Pods Frameworks */ = {
			isa = PBXShellScriptBuildPhase;
			buildActionMask = 2147483647;
			files = (
			);
			inputFileListPaths = (
				"${PODS_ROOT}/Target Support Files/Pods-DatingApp/Pods-DatingApp-frameworks-${CONFIGURATION}-input-files.xcfilelist",
			);
			name = "[CP] Embed Pods Frameworks";
			outputFileListPaths = (
				"${PODS_ROOT}/Target Support Files/Pods-DatingApp/Pods-DatingApp-frameworks-${CONFIGURATION}-output-files.xcfilelist",
			);
			runOnlyForDeploymentPostprocessing = 0;
			shellPath = /bin/sh;
			shellScript = "\"${PODS_ROOT}/Target Support Files/Pods-DatingApp/Pods-DatingApp-frameworks.sh\"\n";
			showEnvVarsInLog = 0;
		};
		F5820B761DFF07ADCD87A7C1 /* [CP] Check Pods Manifest.lock */ = {
			isa = PBXShellScriptBuildPhase;
			buildActionMask = 2147483647;
			files = (
			);
			inputFileListPaths = (
			);
			inputPaths = (
				"${PODS_PODFILE_DIR_PATH}/Podfile.lock",
				"${PODS_ROOT}/Manifest.lock",
			);
			name = "[CP] Check Pods Manifest.lock";
			outputFileListPaths = (
			);
			outputPaths = (
				"$(DERIVED_FILE_DIR)/Pods-DatingApp-checkManifestLockResult.txt",
			);
			runOnlyForDeploymentPostprocessing = 0;
			shellPath = /bin/sh;
			shellScript = "diff \"${PODS_PODFILE_DIR_PATH}/Podfile.lock\" \"${PODS_ROOT}/Manifest.lock\" > /dev/null\nif [ $? != 0 ] ; then\n    # print error to STDERR\n    echo \"error: The sandbox is not in sync with the Podfile.lock. Run 'pod install' or update your CocoaPods installation.\" >&2\n    exit 1\nfi\n# This output is used by Xcode 'outputs' to avoid re-running this script phase.\necho \"SUCCESS\" > \"${SCRIPT_OUTPUT_FILE_0}\"\n";
			showEnvVarsInLog = 0;
		};
/* End PBXShellScriptBuildPhase section */

/* Begin PBXSourcesBuildPhase section */
		382CC77F23D3B0DD0043060E /* Sources */ = {
			isa = PBXSourcesBuildPhase;
			buildActionMask = 2147483647;
			files = (
				38475D472469F894008EDD28 /* ListMessageModelController.swift in Sources */,
				38DB158E2457FE2F00748B1B /* ImageDetailViewController.swift in Sources */,
				382CC7A123D5EF650043060E /* Constants.swift in Sources */,
				38DB15942459D46F00748B1B /* EmailLoginViewController.swift in Sources */,
				38DACAFE244BAB9000F4E60E /* BioContainerView.swift in Sources */,
				382CC78B23D3B0DD0043060E /* LoginViewController.swift in Sources */,
				38A41D0923E0C0D800F904B9 /* RoundedUserImage.swift in Sources */,
				3854F6552438092000229E16 /* CALayer+helpers.swift in Sources */,
				38BFFAEA244EBF9500AC6B5E /* AutoSwipeDelegate.swift in Sources */,
				3854F65C2438526B00229E16 /* MainView.swift in Sources */,
				246B76C42438D73A00FE1D40 /* MainModelController.swift in Sources */,
				38475D5B246B7D84008EDD28 /* SearchingAnimationView.swift in Sources */,
				38DACAFC244B9A0C00F4E60E /* NameContainerView.swift in Sources */,
				3889EB502454C942009B63C2 /* ChatModelController.swift in Sources */,
				3838C0582453E30C00092341 /* Message.swift in Sources */,
				38475D72246D078B008EDD28 /* SignInView.swift in Sources */,
				3854F64B2437C4EC00229E16 /* InputTextView.swift in Sources */,
				383E470D244267000012977A /* TextViewEditingDelegate.swift in Sources */,
				383E4704244265990012977A /* CustomScrollView.swift in Sources */,
				38BFFAE8244D2A6A00AC6B5E /* LocationService.swift in Sources */,
				383E4700244265990012977A /* CircleImageView.swift in Sources */,
				383E46E7244265450012977A /* UserDetailsView.swift in Sources */,
				383E46EF244265570012977A /* EditUserDetailsViewController.swift in Sources */,
				383E46F0244265570012977A /* EditUserDetailsView.swift in Sources */,
				383E46F2244265570012977A /* AddImageButton.swift in Sources */,
				38475D70246D077F008EDD28 /* SignInViewController.swift in Sources */,
				38F7672524525BE900B49F62 /* TapGestureDelegate.swift in Sources */,
				383E46E6244265450012977A /* UserModel.swift in Sources */,
				38DACB00244BAFBC00F4E60E /* ImageButtonsContainerView.swift in Sources */,
				383E470C244267000012977A /* KeyboardDelegate.swift in Sources */,
				383E4701244265990012977A /* CustomTextField.swift in Sources */,
				384604B423EA76D2006F6540 /* SwipeCardStackContainer.swift in Sources */,
				383E4708244266740012977A /* UIView+helpers.swift in Sources */,
				38475D52246B2CC4008EDD28 /* UserDetailsModelController.swift in Sources */,
				384604B223EA712A006F6540 /* SwipeCardModel.swift in Sources */,
				382CC78723D3B0DD0043060E /* AppDelegate.swift in Sources */,
				383E46F1244265570012977A /* SectionTitleLabel.swift in Sources */,
				383E4703244265990012977A /* CustomImageView.swift in Sources */,
				38475D49246A1CB6008EDD28 /* ListMessageViewModel.swift in Sources */,
				38DB15962459D4B000748B1B /* EmailLoginView.swift in Sources */,
				38DACAFA244B89E300F4E60E /* CustomNavigationView.swift in Sources */,
				3854F64C2437C4EC00229E16 /* ChatCell.swift in Sources */,
				38475D54246B6892008EDD28 /* LoadingAnimationView.swift in Sources */,
				3837CD6224564404007B4297 /* ZoomTapDelegate.swift in Sources */,
				383E46E4244265450012977A /* UserDetailsViewController.swift in Sources */,
				38DFEA6A2445FF6600F1BE0D /* ListMessagesViewController.swift in Sources */,
				382CC7A523D791150043060E /* MainViewController.swift in Sources */,
				383E46E5244265450012977A /* UserDetailsViewModel.swift in Sources */,
				38DFEA752449166C00F1BE0D /* CustomAlertView.swift in Sources */,
				38F90AD62470EB36005B0BEB /* WritableDatabase.swift in Sources */,
				383E46FD244265990012977A /* CustomTextView.swift in Sources */,
				383E4705244265990012977A /* CustomButton.swift in Sources */,
				38BFFAE6244D27C000AC6B5E /* UIColor+extension .swift in Sources */,
				383E4702244265990012977A /* CustomStackView.swift in Sources */,
				38C1EA052443F58200CEA9B2 /* FacebookUserDataDelegate.swift in Sources */,
				38DACAF6244A68B600F4E60E /* FirebaseService.swift in Sources */,
				384EDF1D2438DFFB00001F7B /* ChatView.swift in Sources */,
				38C1EA032443AE1300CEA9B2 /* FacebookAuthenticator.swift in Sources */,
				2415F39B24381BB00090031D /* LoginMainView.swift in Sources */,
				383E4706244265990012977A /* CustomLabel.swift in Sources */,
				384604B023E7A736006F6540 /* SwipeCardView.swift in Sources */,
				3889EB522454D02E009B63C2 /* MessageViewModel.swift in Sources */,
				383E46FE244265990012977A /* RoundedButton.swift in Sources */,
				383E46FF244265990012977A /* CustomContainerView.swift in Sources */,
				38DFEA6D2446013B00F1BE0D /* ListMessagesView.swift in Sources */,
				38DFEA6F24461B4700F1BE0D /* ListMessageCell.swift in Sources */,
				3837CD6024562701007B4297 /* UITextView+helper.swift in Sources */,
				384604AC23E7A339006F6540 /* SwipeableCardDataSource.swift in Sources */,
				382CC78923D3B0DD0043060E /* SceneDelegate.swift in Sources */,
				38F90AD42470E91B005B0BEB /* Database.swift in Sources */,
				3854F6492437C4EC00229E16 /* ChatViewController.swift in Sources */,
			);
			runOnlyForDeploymentPostprocessing = 0;
		};
/* End PBXSourcesBuildPhase section */

/* Begin PBXVariantGroup section */
		382CC78C23D3B0DD0043060E /* Main.storyboard */ = {
			isa = PBXVariantGroup;
			children = (
				382CC78D23D3B0DD0043060E /* Base */,
			);
			name = Main.storyboard;
			sourceTree = "<group>";
		};
		382CC79123D3B0DF0043060E /* LaunchScreen.storyboard */ = {
			isa = PBXVariantGroup;
			children = (
				382CC79223D3B0DF0043060E /* Base */,
			);
			name = LaunchScreen.storyboard;
			sourceTree = "<group>";
		};
/* End PBXVariantGroup section */

/* Begin XCBuildConfiguration section */
		382CC79523D3B0DF0043060E /* Debug */ = {
			isa = XCBuildConfiguration;
			buildSettings = {
				ALWAYS_SEARCH_USER_PATHS = NO;
				CLANG_ANALYZER_NONNULL = YES;
				CLANG_ANALYZER_NUMBER_OBJECT_CONVERSION = YES_AGGRESSIVE;
				CLANG_CXX_LANGUAGE_STANDARD = "gnu++14";
				CLANG_CXX_LIBRARY = "libc++";
				CLANG_ENABLE_MODULES = YES;
				CLANG_ENABLE_OBJC_ARC = YES;
				CLANG_ENABLE_OBJC_WEAK = YES;
				CLANG_WARN_BLOCK_CAPTURE_AUTORELEASING = YES;
				CLANG_WARN_BOOL_CONVERSION = YES;
				CLANG_WARN_COMMA = YES;
				CLANG_WARN_CONSTANT_CONVERSION = YES;
				CLANG_WARN_DEPRECATED_OBJC_IMPLEMENTATIONS = YES;
				CLANG_WARN_DIRECT_OBJC_ISA_USAGE = YES_ERROR;
				CLANG_WARN_DOCUMENTATION_COMMENTS = YES;
				CLANG_WARN_EMPTY_BODY = YES;
				CLANG_WARN_ENUM_CONVERSION = YES;
				CLANG_WARN_INFINITE_RECURSION = YES;
				CLANG_WARN_INT_CONVERSION = YES;
				CLANG_WARN_NON_LITERAL_NULL_CONVERSION = YES;
				CLANG_WARN_OBJC_IMPLICIT_RETAIN_SELF = YES;
				CLANG_WARN_OBJC_LITERAL_CONVERSION = YES;
				CLANG_WARN_OBJC_ROOT_CLASS = YES_ERROR;
				CLANG_WARN_RANGE_LOOP_ANALYSIS = YES;
				CLANG_WARN_STRICT_PROTOTYPES = YES;
				CLANG_WARN_SUSPICIOUS_MOVE = YES;
				CLANG_WARN_UNGUARDED_AVAILABILITY = YES_AGGRESSIVE;
				CLANG_WARN_UNREACHABLE_CODE = YES;
				CLANG_WARN__DUPLICATE_METHOD_MATCH = YES;
				COPY_PHASE_STRIP = NO;
				DEBUG_INFORMATION_FORMAT = dwarf;
				ENABLE_STRICT_OBJC_MSGSEND = YES;
				ENABLE_TESTABILITY = YES;
				GCC_C_LANGUAGE_STANDARD = gnu11;
				GCC_DYNAMIC_NO_PIC = NO;
				GCC_NO_COMMON_BLOCKS = YES;
				GCC_OPTIMIZATION_LEVEL = 0;
				GCC_PREPROCESSOR_DEFINITIONS = (
					"DEBUG=1",
					"$(inherited)",
				);
				GCC_WARN_64_TO_32_BIT_CONVERSION = YES;
				GCC_WARN_ABOUT_RETURN_TYPE = YES_ERROR;
				GCC_WARN_UNDECLARED_SELECTOR = YES;
				GCC_WARN_UNINITIALIZED_AUTOS = YES_AGGRESSIVE;
				GCC_WARN_UNUSED_FUNCTION = YES;
				GCC_WARN_UNUSED_VARIABLE = YES;
				IPHONEOS_DEPLOYMENT_TARGET = 13.2;
				MTL_ENABLE_DEBUG_INFO = INCLUDE_SOURCE;
				MTL_FAST_MATH = YES;
				ONLY_ACTIVE_ARCH = YES;
				SDKROOT = iphoneos;
				SWIFT_ACTIVE_COMPILATION_CONDITIONS = DEBUG;
				SWIFT_OPTIMIZATION_LEVEL = "-Onone";
			};
			name = Debug;
		};
		382CC79623D3B0DF0043060E /* Release */ = {
			isa = XCBuildConfiguration;
			buildSettings = {
				ALWAYS_SEARCH_USER_PATHS = NO;
				CLANG_ANALYZER_NONNULL = YES;
				CLANG_ANALYZER_NUMBER_OBJECT_CONVERSION = YES_AGGRESSIVE;
				CLANG_CXX_LANGUAGE_STANDARD = "gnu++14";
				CLANG_CXX_LIBRARY = "libc++";
				CLANG_ENABLE_MODULES = YES;
				CLANG_ENABLE_OBJC_ARC = YES;
				CLANG_ENABLE_OBJC_WEAK = YES;
				CLANG_WARN_BLOCK_CAPTURE_AUTORELEASING = YES;
				CLANG_WARN_BOOL_CONVERSION = YES;
				CLANG_WARN_COMMA = YES;
				CLANG_WARN_CONSTANT_CONVERSION = YES;
				CLANG_WARN_DEPRECATED_OBJC_IMPLEMENTATIONS = YES;
				CLANG_WARN_DIRECT_OBJC_ISA_USAGE = YES_ERROR;
				CLANG_WARN_DOCUMENTATION_COMMENTS = YES;
				CLANG_WARN_EMPTY_BODY = YES;
				CLANG_WARN_ENUM_CONVERSION = YES;
				CLANG_WARN_INFINITE_RECURSION = YES;
				CLANG_WARN_INT_CONVERSION = YES;
				CLANG_WARN_NON_LITERAL_NULL_CONVERSION = YES;
				CLANG_WARN_OBJC_IMPLICIT_RETAIN_SELF = YES;
				CLANG_WARN_OBJC_LITERAL_CONVERSION = YES;
				CLANG_WARN_OBJC_ROOT_CLASS = YES_ERROR;
				CLANG_WARN_RANGE_LOOP_ANALYSIS = YES;
				CLANG_WARN_STRICT_PROTOTYPES = YES;
				CLANG_WARN_SUSPICIOUS_MOVE = YES;
				CLANG_WARN_UNGUARDED_AVAILABILITY = YES_AGGRESSIVE;
				CLANG_WARN_UNREACHABLE_CODE = YES;
				CLANG_WARN__DUPLICATE_METHOD_MATCH = YES;
				COPY_PHASE_STRIP = NO;
				DEBUG_INFORMATION_FORMAT = "dwarf-with-dsym";
				ENABLE_NS_ASSERTIONS = NO;
				ENABLE_STRICT_OBJC_MSGSEND = YES;
				GCC_C_LANGUAGE_STANDARD = gnu11;
				GCC_NO_COMMON_BLOCKS = YES;
				GCC_WARN_64_TO_32_BIT_CONVERSION = YES;
				GCC_WARN_ABOUT_RETURN_TYPE = YES_ERROR;
				GCC_WARN_UNDECLARED_SELECTOR = YES;
				GCC_WARN_UNINITIALIZED_AUTOS = YES_AGGRESSIVE;
				GCC_WARN_UNUSED_FUNCTION = YES;
				GCC_WARN_UNUSED_VARIABLE = YES;
				IPHONEOS_DEPLOYMENT_TARGET = 13.2;
				MTL_ENABLE_DEBUG_INFO = NO;
				MTL_FAST_MATH = YES;
				SDKROOT = iphoneos;
				SWIFT_COMPILATION_MODE = wholemodule;
				SWIFT_OPTIMIZATION_LEVEL = "-O";
				VALIDATE_PRODUCT = YES;
			};
			name = Release;
		};
		382CC79823D3B0DF0043060E /* Debug */ = {
			isa = XCBuildConfiguration;
			baseConfigurationReference = 749D73F991725B5396E85F76 /* Pods-DatingApp.debug.xcconfig */;
			buildSettings = {
				ASSETCATALOG_COMPILER_APPICON_NAME = AppIcon;
				CODE_SIGN_STYLE = Automatic;
				INFOPLIST_FILE = DatingApp/Info.plist;
				LD_RUNPATH_SEARCH_PATHS = (
					"$(inherited)",
					"@executable_path/Frameworks",
				);
				PRODUCT_BUNDLE_IDENTIFIER = com.VyLe.DatingApp;
				PRODUCT_NAME = "$(TARGET_NAME)";
				SWIFT_VERSION = 5.0;
				TARGETED_DEVICE_FAMILY = "1,2";
			};
			name = Debug;
		};
		382CC79923D3B0DF0043060E /* Release */ = {
			isa = XCBuildConfiguration;
			baseConfigurationReference = 1DB7192F28F55265A50163F1 /* Pods-DatingApp.release.xcconfig */;
			buildSettings = {
				ASSETCATALOG_COMPILER_APPICON_NAME = AppIcon;
				CODE_SIGN_STYLE = Automatic;
				INFOPLIST_FILE = DatingApp/Info.plist;
				LD_RUNPATH_SEARCH_PATHS = (
					"$(inherited)",
					"@executable_path/Frameworks",
				);
				PRODUCT_BUNDLE_IDENTIFIER = com.VyLe.DatingApp;
				PRODUCT_NAME = "$(TARGET_NAME)";
				SWIFT_VERSION = 5.0;
				TARGETED_DEVICE_FAMILY = "1,2";
			};
			name = Release;
		};
/* End XCBuildConfiguration section */

/* Begin XCConfigurationList section */
		382CC77E23D3B0DD0043060E /* Build configuration list for PBXProject "DatingApp" */ = {
			isa = XCConfigurationList;
			buildConfigurations = (
				382CC79523D3B0DF0043060E /* Debug */,
				382CC79623D3B0DF0043060E /* Release */,
			);
			defaultConfigurationIsVisible = 0;
			defaultConfigurationName = Release;
		};
		382CC79723D3B0DF0043060E /* Build configuration list for PBXNativeTarget "DatingApp" */ = {
			isa = XCConfigurationList;
			buildConfigurations = (
				382CC79823D3B0DF0043060E /* Debug */,
				382CC79923D3B0DF0043060E /* Release */,
			);
			defaultConfigurationIsVisible = 0;
			defaultConfigurationName = Release;
		};
/* End XCConfigurationList section */
	};
	rootObject = 382CC77B23D3B0DD0043060E /* Project object */;
}
